// !$*UTF8*$!
{
	archiveVersion = 1;
	classes = {
	};
	objectVersion = 46;
	objects = {

/* Begin PBXBuildFile section */
		7B3696E81C45AD7700FFF33C /* main.m in Sources */ = {isa = PBXBuildFile; fileRef = 7B3696E71C45AD7700FFF33C /* main.m */; };
		7B3696EB1C45AD7700FFF33C /* AppDelegate.m in Sources */ = {isa = PBXBuildFile; fileRef = 7B3696EA1C45AD7700FFF33C /* AppDelegate.m */; };
		7B3696F11C45AD7700FFF33C /* Main.storyboard in Resources */ = {isa = PBXBuildFile; fileRef = 7B3696EF1C45AD7700FFF33C /* Main.storyboard */; };
		7B3696F31C45AD7700FFF33C /* Assets.xcassets in Resources */ = {isa = PBXBuildFile; fileRef = 7B3696F21C45AD7700FFF33C /* Assets.xcassets */; };
		7B3696F61C45AD7700FFF33C /* LaunchScreen.storyboard in Resources */ = {isa = PBXBuildFile; fileRef = 7B3696F41C45AD7700FFF33C /* LaunchScreen.storyboard */; };
		C6DC2BE41C45B47A007DFC79 /* WebViewController.m in Sources */ = {isa = PBXBuildFile; fileRef = C6DC2BE31C45B47A007DFC79 /* WebViewController.m */; };
/* End PBXBuildFile section */

/* Begin PBXFileReference section */
		7B3696E31C45AD7700FFF33C /* MySafari.app */ = {isa = PBXFileReference; explicitFileType = wrapper.application; includeInIndex = 0; path = MySafari.app; sourceTree = BUILT_PRODUCTS_DIR; };
		7B3696E71C45AD7700FFF33C /* main.m */ = {isa = PBXFileReference; lastKnownFileType = sourcecode.c.objc; path = main.m; sourceTree = "<group>"; };
		7B3696E91C45AD7700FFF33C /* AppDelegate.h */ = {isa = PBXFileReference; lastKnownFileType = sourcecode.c.h; path = AppDelegate.h; sourceTree = "<group>"; };
		7B3696EA1C45AD7700FFF33C /* AppDelegate.m */ = {isa = PBXFileReference; lastKnownFileType = sourcecode.c.objc; path = AppDelegate.m; sourceTree = "<group>"; };
		7B3696F01C45AD7700FFF33C /* Base */ = {isa = PBXFileReference; lastKnownFileType = file.storyboard; name = Base; path = Base.lproj/Main.storyboard; sourceTree = "<group>"; };
		7B3696F21C45AD7700FFF33C /* Assets.xcassets */ = {isa = PBXFileReference; lastKnownFileType = folder.assetcatalog; path = Assets.xcassets; sourceTree = "<group>"; };
		7B3696F51C45AD7700FFF33C /* Base */ = {isa = PBXFileReference; lastKnownFileType = file.storyboard; name = Base; path = Base.lproj/LaunchScreen.storyboard; sourceTree = "<group>"; };
		7B3696F71C45AD7700FFF33C /* Info.plist */ = {isa = PBXFileReference; lastKnownFileType = text.plist.xml; path = Info.plist; sourceTree = "<group>"; };
		C6DC2BE21C45B47A007DFC79 /* WebViewController.h */ = {isa = PBXFileReference; fileEncoding = 4; lastKnownFileType = sourcecode.c.h; path = WebViewController.h; sourceTree = "<group>"; };
		C6DC2BE31C45B47A007DFC79 /* WebViewController.m */ = {isa = PBXFileReference; fileEncoding = 4; lastKnownFileType = sourcecode.c.objc; path = WebViewController.m; sourceTree = "<group>"; };
/* End PBXFileReference section */

/* Begin PBXFrameworksBuildPhase section */
		7B3696E01C45AD7700FFF33C /* Frameworks */ = {
			isa = PBXFrameworksBuildPhase;
			buildActionMask = 2147483647;
			files = (
			);
			runOnlyForDeploymentPostprocessing = 0;
		};
/* End PBXFrameworksBuildPhase section */

/* Begin PBXGroup section */
		7B3696DA1C45AD7700FFF33C = {
			isa = PBXGroup;
			children = (
				7B3696E51C45AD7700FFF33C /* MySafari */,
				7B3696E41C45AD7700FFF33C /* Products */,
			);
			sourceTree = "<group>";
		};
		7B3696E41C45AD7700FFF33C /* Products */ = {
			isa = PBXGroup;
			children = (
				7B3696E31C45AD7700FFF33C /* MySafari.app */,
			);
			name = Products;
			sourceTree = "<group>";
		};
		7B3696E51C45AD7700FFF33C /* MySafari */ = {
			isa = PBXGroup;
			children = (
				7B3696E91C45AD7700FFF33C /* AppDelegate.h */,
				7B3696EA1C45AD7700FFF33C /* AppDelegate.m */,
				7B3696EF1C45AD7700FFF33C /* Main.storyboard */,
				C6DC2BE21C45B47A007DFC79 /* WebViewController.h */,
				C6DC2BE31C45B47A007DFC79 /* WebViewController.m */,
				7B3696F21C45AD7700FFF33C /* Assets.xcassets */,
				7B3696F41C45AD7700FFF33C /* LaunchScreen.storyboard */,
				7B3696F71C45AD7700FFF33C /* Info.plist */,
				7B3696E61C45AD7700FFF33C /* Supporting Files */,
			);
			path = MySafari;
			sourceTree = "<group>";
		};
		7B3696E61C45AD7700FFF33C /* Supporting Files */ = {
			isa = PBXGroup;
			children = (
				7B3696E71C45AD7700FFF33C /* main.m */,
			);
			name = "Supporting Files";
			sourceTree = "<group>";
		};
/* End PBXGroup section */

/* Begin PBXNativeTarget section */
		7B3696E21C45AD7700FFF33C /* MySafari */ = {
			isa = PBXNativeTarget;
			buildConfigurationList = 7B3696FA1C45AD7700FFF33C /* Build configuration list for PBXNativeTarget "MySafari" */;
			buildPhases = (
				7B3696DF1C45AD7700FFF33C /* Sources */,
				7B3696E01C45AD7700FFF33C /* Frameworks */,
				7B3696E11C45AD7700FFF33C /* Resources */,
			);
			buildRules = (
			);
			dependencies = (
			);
			name = MySafari;
			productName = MySafari;
			productReference = 7B3696E31C45AD7700FFF33C /* MySafari.app */;
			productType = "com.apple.product-type.application";
		};
/* End PBXNativeTarget section */

/* Begin PBXProject section */
		7B3696DB1C45AD7700FFF33C /* Project object */ = {
			isa = PBXProject;
			attributes = {
				LastUpgradeCheck = 0720;
				ORGANIZATIONNAME = "Steven Yang";
				TargetAttributes = {
					7B3696E21C45AD7700FFF33C = {
						CreatedOnToolsVersion = 7.2;
					};
				};
			};
			buildConfigurationList = 7B3696DE1C45AD7700FFF33C /* Build configuration list for PBXProject "MySafari" */;
			compatibilityVersion = "Xcode 3.2";
			developmentRegion = English;
			hasScannedForEncodings = 0;
			knownRegions = (
				en,
				Base,
			);
			mainGroup = 7B3696DA1C45AD7700FFF33C;
			productRefGroup = 7B3696E41C45AD7700FFF33C /* Products */;
			projectDirPath = "";
			projectRoot = "";
			targets = (
				7B3696E21C45AD7700FFF33C /* MySafari */,
			);
		};
/* End PBXProject section */

/* Begin PBXResourcesBuildPhase section */
		7B3696E11C45AD7700FFF33C /* Resources */ = {
			isa = PBXResourcesBuildPhase;
			buildActionMask = 2147483647;
			files = (
				7B3696F61C45AD7700FFF33C /* LaunchScreen.storyboard in Resources */,
				7B3696F31C45AD7700FFF33C /* Assets.xcassets in Resources */,
				7B3696F11C45AD7700FFF33C /* Main.storyboard in Resources */,
			);
			runOnlyForDeploymentPostprocessing = 0;
		};
/* End PBXResourcesBuildPhase section */

/* Begin PBXSourcesBuildPhase section */
		7B3696DF1C45AD7700FFF33C /* Sources */ = {
			isa = PBXSourcesBuildPhase;
			buildActionMask = 2147483647;
			files = (
				7B3696EB1C45AD7700FFF33C /* AppDelegate.m in Sources */,
				C6DC2BE41C45B47A007DFC79 /* WebViewController.m in Sources */,
				7B3696E81C45AD7700FFF33C /* main.m in Sources */,
			);
			runOnlyForDeploymentPostprocessing = 0;
		};
/* End PBXSourcesBuildPhase section */

/* Begin PBXVariantGroup section */
		7B3696EF1C45AD7700FFF33C /* Main.storyboard */ = {
			isa = PBXVariantGroup;
			children = (
				7B3696F01C45AD7700FFF33C /* Base */,
			);
			name = Main.storyboard;
			sourceTree = "<group>";
		};
		7B3696F41C45AD7700FFF33C /* LaunchScreen.storyboard */ = {
			isa = PBXVariantGroup;
			children = (
				7B3696F51C45AD7700FFF33C /* Base */,
			);
			name = LaunchScreen.storyboard;
			sourceTree = "<group>";
		};
/* End PBXVariantGroup section */

/* Begin XCBuildConfiguration section */
		7B3696F81C45AD7700FFF33C /* Debug */ = {
			isa = XCBuildConfiguration;
			buildSettings = {
				ALWAYS_SEARCH_USER_PATHS = NO;
				CLANG_CXX_LANGUAGE_STANDARD = "gnu++0x";
				CLANG_CXX_LIBRARY = "libc++";
				CLANG_ENABLE_MODULES = YES;
				CLANG_ENABLE_OBJC_ARC = YES;
				CLANG_WARN_BOOL_CONVERSION = YES;
				CLANG_WARN_CONSTANT_CONVERSION = YES;
				CLANG_WARN_DIRECT_OBJC_ISA_USAGE = YES_ERROR;
				CLANG_WARN_EMPTY_BODY = YES;
				CLANG_WARN_ENUM_CONVERSION = YES;
				CLANG_WARN_INT_CONVERSION = YES;
				CLANG_WARN_OBJC_ROOT_CLASS = YES_ERROR;
				CLANG_WARN_UNREACHABLE_CODE = YES;
				CLANG_WARN__DUPLICATE_METHOD_MATCH = YES;
				"CODE_SIGN_IDENTITY[sdk=iphoneos*]" = "iPhone Developer";
				COPY_PHASE_STRIP = NO;
				DEBUG_INFORMATION_FORMAT = dwarf;
				ENABLE_STRICT_OBJC_MSGSEND = YES;
				ENABLE_TESTABILITY = YES;
				GCC_C_LANGUAGE_STANDARD = gnu99;
				GCC_DYNAMIC_NO_PIC = NO;
				GCC_NO_COMMON_BLOCKS = YES;
				GCC_OPTIMIZATION_LEVEL = 0;
				GCC_PREPROCESSOR_DEFINITIONS = (
					"DEBUG=1",
					"$(inherited)",
				);
				GCC_WARN_64_TO_32_BIT_CONVERSION = YES;
				GCC_WARN_ABOUT_RETURN_TYPE = YES_ERROR;
				GCC_WARN_UNDECLARED_SELECTOR = YES;
				GCC_WARN_UNINITIALIZED_AUTOS = YES_AGGRESSIVE;
				GCC_WARN_UNUSED_FUNCTION = YES;
				GCC_WARN_UNUSED_VARIABLE = YES;
				IPHONEOS_DEPLOYMENT_TARGET = 9.2;
				MTL_ENABLE_DEBUG_INFO = YES;
				ONLY_ACTIVE_ARCH = YES;
				SDKROOT = iphoneos;
				TARGETED_DEVICE_FAMILY = "1,2";
			};
			name = Debug;
		};
		7B3696F91C45AD7700FFF33C /* Release */ = {
			isa = XCBuildConfiguration;
			buildSettings = {
				ALWAYS_SEARCH_USER_PATHS = NO;
				CLANG_CXX_LANGUAGE_STANDARD = "gnu++0x";
				CLANG_CXX_LIBRARY = "libc++";
				CLANG_ENABLE_MODULES = YES;
				CLANG_ENABLE_OBJC_ARC = YES;
				CLANG_WARN_BOOL_CONVERSION = YES;
				CLANG_WARN_CONSTANT_CONVERSION = YES;
				CLANG_WARN_DIRECT_OBJC_ISA_USAGE = YES_ERROR;
				CLANG_WARN_EMPTY_BODY = YES;
				CLANG_WARN_ENUM_CONVERSION = YES;
				CLANG_WARN_INT_CONVERSION = YES;
				CLANG_WARN_OBJC_ROOT_CLASS = YES_ERROR;
				CLANG_WARN_UNREACHABLE_CODE = YES;
				CLANG_WARN__DUPLICATE_METHOD_MATCH = YES;
				"CODE_SIGN_IDENTITY[sdk=iphoneos*]" = "iPhone Developer";
				COPY_PHASE_STRIP = NO;
				DEBUG_INFORMATION_FORMAT = "dwarf-with-dsym";
				ENABLE_NS_ASSERTIONS = NO;
				ENABLE_STRICT_OBJC_MSGSEND = YES;
				GCC_C_LANGUAGE_STANDARD = gnu99;
				GCC_NO_COMMON_BLOCKS = YES;
				GCC_WARN_64_TO_32_BIT_CONVERSION = YES;
				GCC_WARN_ABOUT_RETURN_TYPE = YES_ERROR;
				GCC_WARN_UNDECLARED_SELECTOR = YES;
				GCC_WARN_UNINITIALIZED_AUTOS = YES_AGGRESSIVE;
				GCC_WARN_UNUSED_FUNCTION = YES;
				GCC_WARN_UNUSED_VARIABLE = YES;
				IPHONEOS_DEPLOYMENT_TARGET = 9.2;
				MTL_ENABLE_DEBUG_INFO = NO;
				SDKROOT = iphoneos;
				TARGETED_DEVICE_FAMILY = "1,2";
				VALIDATE_PRODUCT = YES;
			};
			name = Release;
		};
		7B3696FB1C45AD7700FFF33C /* Debug */ = {
			isa = XCBuildConfiguration;
			buildSettings = {
				ASSETCATALOG_COMPILER_APPICON_NAME = AppIcon;
				INFOPLIST_FILE = MySafari/Info.plist;
				LD_RUNPATH_SEARCH_PATHS = "$(inherited) @executable_path/Frameworks";
				PRODUCT_BUNDLE_IDENTIFIER = com.Steven.MySafari;
				PRODUCT_NAME = "$(TARGET_NAME)";
			};
			name = Debug;
		};
		7B3696FC1C45AD7700FFF33C /* Release */ = {
			isa = XCBuildConfiguration;
			buildSettings = {
				ASSETCATALOG_COMPILER_APPICON_NAME = AppIcon;
				INFOPLIST_FILE = MySafari/Info.plist;
				LD_RUNPATH_SEARCH_PATHS = "$(inherited) @executable_path/Frameworks";
				PRODUCT_BUNDLE_IDENTIFIER = com.Steven.MySafari;
				PRODUCT_NAME = "$(TARGET_NAME)";
			};
			name = Release;
		};
/* End XCBuildConfiguration section */

/* Begin XCConfigurationList section */
		7B3696DE1C45AD7700FFF33C /* Build configuration list for PBXProject "MySafari" */ = {
			isa = XCConfigurationList;
			buildConfigurations = (
				7B3696F81C45AD7700FFF33C /* Debug */,
				7B3696F91C45AD7700FFF33C /* Release */,
			);
			defaultConfigurationIsVisible = 0;
			defaultConfigurationName = Release;
		};
		7B3696FA1C45AD7700FFF33C /* Build configuration list for PBXNativeTarget "MySafari" */ = {
			isa = XCConfigurationList;
			buildConfigurations = (
				7B3696FB1C45AD7700FFF33C /* Debug */,
				7B3696FC1C45AD7700FFF33C /* Release */,
			);
			defaultConfigurationIsVisible = 0;
			defaultConfigurationName = Release;
		};
/* End XCConfigurationList section */
	};
	rootObject = 7B3696DB1C45AD7700FFF33C /* Project object */;
}
